// !$*UTF8*$!
{
	archiveVersion = 1;
	classes = {
	};
	objectVersion = 46;
	objects = {

/* Begin PBXBuildFile section */
		C00832591791B2F500A5EFE2 /* NSContactsViewController.m in Sources */ = {isa = PBXBuildFile; fileRef = C00832581791B2F500A5EFE2 /* NSContactsViewController.m */; };
		C04429DF179AAF320022B0DE /* pNew_Starter_Checklist.plist in Resources */ = {isa = PBXBuildFile; fileRef = C04429DE179AAF320022B0DE /* pNew_Starter_Checklist.plist */; };
		C04429E3179ABC460022B0DE /* NSChecklistViewController.m in Sources */ = {isa = PBXBuildFile; fileRef = C04429E2179ABC460022B0DE /* NSChecklistViewController.m */; };
		C04429E6179ABC5D0022B0DE /* NSToDosViewController.m in Sources */ = {isa = PBXBuildFile; fileRef = C04429E5179ABC5D0022B0DE /* NSToDosViewController.m */; };
		C04429EC179ABC9B0022B0DE /* NSToDoDetailsViewController.m in Sources */ = {isa = PBXBuildFile; fileRef = C04429EB179ABC9B0022B0DE /* NSToDoDetailsViewController.m */; };
		C090EA431796D9F000771382 /* NSContactDetailViewController.m in Sources */ = {isa = PBXBuildFile; fileRef = C090EA421796D9F000771382 /* NSContactDetailViewController.m */; };
		C090EAB51797D13D00771382 /* ExpandableTableView.m in Sources */ = {isa = PBXBuildFile; fileRef = C090EAB41797D13D00771382 /* ExpandableTableView.m */; };
		C090EAB81797D1A400771382 /* ExpandableTableViewController.m in Sources */ = {isa = PBXBuildFile; fileRef = C090EAB71797D1A400771382 /* ExpandableTableViewController.m */; };
		C090EAC117984D7D00771382 /* NSUEBViewController.m in Sources */ = {isa = PBXBuildFile; fileRef = C090EAC017984D7D00771382 /* NSUEBViewController.m */; };
		C090EAC417984D9700771382 /* NSUEBDetailViewController.m in Sources */ = {isa = PBXBuildFile; fileRef = C090EAC317984D9700771382 /* NSUEBDetailViewController.m */; };
		C090EAC617986ED400771382 /* Mr Andrew Dodman.txt in Resources */ = {isa = PBXBuildFile; fileRef = C090EAC517986ED400771382 /* Mr Andrew Dodman.txt */; };
		C090EACE17986EE400771382 /* Professor Jacqueline Labbe.txt in Resources */ = {isa = PBXBuildFile; fileRef = C090EAC717986EE300771382 /* Professor Jacqueline Labbe.txt */; };
		C090EACF17986EE400771382 /* Professor Tony Weetman.txt in Resources */ = {isa = PBXBuildFile; fileRef = C090EAC817986EE400771382 /* Professor Tony Weetman.txt */; };
		C090EAD017986EE400771382 /* Professor Mike Hounslow.txt in Resources */ = {isa = PBXBuildFile; fileRef = C090EAC917986EE400771382 /* Professor Mike Hounslow.txt */; };
		C090EAD117986EE400771382 /* Professor Tony Ryan.txt in Resources */ = {isa = PBXBuildFile; fileRef = C090EACA17986EE400771382 /* Professor Tony Ryan.txt */; };
		C090EAD217986EE400771382 /* Professor Gill Valentine.txt in Resources */ = {isa = PBXBuildFile; fileRef = C090EACB17986EE400771382 /* Professor Gill Valentine.txt */; };
		C090EAD317986EE400771382 /* Dr Philip Harvey.txt in Resources */ = {isa = PBXBuildFile; fileRef = C090EACC17986EE400771382 /* Dr Philip Harvey.txt */; };
		C090EAD417986EE400771382 /* Mr Robert Rabone.txt in Resources */ = {isa = PBXBuildFile; fileRef = C090EACD17986EE400771382 /* Mr Robert Rabone.txt */; };
		C090EAD817986EEF00771382 /* Professor Paul White.txt in Resources */ = {isa = PBXBuildFile; fileRef = C090EAD517986EEF00771382 /* Professor Paul White.txt */; };
		C090EAD917986EEF00771382 /* Professor Rebecca Hughes.txt in Resources */ = {isa = PBXBuildFile; fileRef = C090EAD617986EEF00771382 /* Professor Rebecca Hughes.txt */; };
		C090EADA17986EEF00771382 /* Professor Richard Jones.txt in Resources */ = {isa = PBXBuildFile; fileRef = C090EAD717986EEF00771382 /* Professor Richard Jones.txt */; };
		C0B86794178D8628006E198F /* UIKit.framework in Frameworks */ = {isa = PBXBuildFile; fileRef = C0B86793178D8628006E198F /* UIKit.framework */; };
		C0B86796178D8628006E198F /* Foundation.framework in Frameworks */ = {isa = PBXBuildFile; fileRef = C0B86795178D8628006E198F /* Foundation.framework */; };
		C0B86798178D8628006E198F /* CoreGraphics.framework in Frameworks */ = {isa = PBXBuildFile; fileRef = C0B86797178D8628006E198F /* CoreGraphics.framework */; };
		C0B8679E178D8628006E198F /* InfoPlist.strings in Resources */ = {isa = PBXBuildFile; fileRef = C0B8679C178D8628006E198F /* InfoPlist.strings */; };
		C0B867A0178D8628006E198F /* main.m in Sources */ = {isa = PBXBuildFile; fileRef = C0B8679F178D8628006E198F /* main.m */; };
		C0B867A4178D8628006E198F /* NSAppDelegate.m in Sources */ = {isa = PBXBuildFile; fileRef = C0B867A3178D8628006E198F /* NSAppDelegate.m */; };
		C0B867A6178D8628006E198F /* Default.png in Resources */ = {isa = PBXBuildFile; fileRef = C0B867A5178D8628006E198F /* Default.png */; };
		C0B867A8178D8628006E198F /* Default@2x.png in Resources */ = {isa = PBXBuildFile; fileRef = C0B867A7178D8628006E198F /* Default@2x.png */; };
		C0B867AA178D8628006E198F /* Default-568h@2x.png in Resources */ = {isa = PBXBuildFile; fileRef = C0B867A9178D8628006E198F /* Default-568h@2x.png */; };
		C0B867AD178D8628006E198F /* MainStoryboard_iPhone.storyboard in Resources */ = {isa = PBXBuildFile; fileRef = C0B867AB178D8628006E198F /* MainStoryboard_iPhone.storyboard */; };
		C0B867B0178D8628006E198F /* MainStoryboard_iPad.storyboard in Resources */ = {isa = PBXBuildFile; fileRef = C0B867AE178D8628006E198F /* MainStoryboard_iPad.storyboard */; };
		C0B867BB178D86A2006E198F /* NSWelcomeViewController.m in Sources */ = {isa = PBXBuildFile; fileRef = C0B867BA178D86A2006E198F /* NSWelcomeViewController.m */; };
		C0B867C5178D961C006E198F /* NSNewsViewController.m in Sources */ = {isa = PBXBuildFile; fileRef = C0B867C4178D961C006E198F /* NSNewsViewController.m */; };
		C0B867CB178D96DA006E198F /* NSNewsContentViewController.m in Sources */ = {isa = PBXBuildFile; fileRef = C0B867CA178D96DA006E198F /* NSNewsContentViewController.m */; };
		C0B867D7178DBBD4006E198F /* NSFAQsViewController.m in Sources */ = {isa = PBXBuildFile; fileRef = C0B867D6178DBBD4006E198F /* NSFAQsViewController.m */; };
		C0B867D9178DBCF6006E198F /* MessageUI.framework in Frameworks */ = {isa = PBXBuildFile; fileRef = C0B867D8178DBCF6006E198F /* MessageUI.framework */; };
		C0B867DD178DCCB5006E198F /* NSUCardViewController.m in Sources */ = {isa = PBXBuildFile; fileRef = C0B867DC178DCCB5006E198F /* NSUCardViewController.m */; };
		C0B867F0178EA29F006E198F /* pContactsList.plist in Resources */ = {isa = PBXBuildFile; fileRef = C0B867EF178EA29F006E198F /* pContactsList.plist */; };
		C0B86822178F223D006E198F /* NSFacebookViewController.m in Sources */ = {isa = PBXBuildFile; fileRef = C0B86821178F223D006E198F /* NSFacebookViewController.m */; };
		C0B86825178F224D006E198F /* NSTwitterViewController.m in Sources */ = {isa = PBXBuildFile; fileRef = C0B86824178F224D006E198F /* NSTwitterViewController.m */; };
		C0B86828178F225C006E198F /* NSYoutubeViewController.m in Sources */ = {isa = PBXBuildFile; fileRef = C0B86827178F225C006E198F /* NSYoutubeViewController.m */; };
		C0C69C1517917961006514F0 /* pUEBDetails.plist in Resources */ = {isa = PBXBuildFile; fileRef = C0C69C1417917961006514F0 /* pUEBDetails.plist */; };
/* End PBXBuildFile section */

/* Begin PBXFileReference section */
		C00832571791B2F500A5EFE2 /* NSContactsViewController.h */ = {isa = PBXFileReference; fileEncoding = 4; lastKnownFileType = sourcecode.c.h; path = NSContactsViewController.h; sourceTree = "<group>"; };
		C00832581791B2F500A5EFE2 /* NSContactsViewController.m */ = {isa = PBXFileReference; fileEncoding = 4; lastKnownFileType = sourcecode.c.objc; path = NSContactsViewController.m; sourceTree = "<group>"; };
		C04429DE179AAF320022B0DE /* pNew_Starter_Checklist.plist */ = {isa = PBXFileReference; fileEncoding = 4; lastKnownFileType = text.plist.xml; path = pNew_Starter_Checklist.plist; sourceTree = "<group>"; };
		C04429E1179ABC460022B0DE /* NSChecklistViewController.h */ = {isa = PBXFileReference; fileEncoding = 4; lastKnownFileType = sourcecode.c.h; path = NSChecklistViewController.h; sourceTree = "<group>"; };
		C04429E2179ABC460022B0DE /* NSChecklistViewController.m */ = {isa = PBXFileReference; fileEncoding = 4; lastKnownFileType = sourcecode.c.objc; path = NSChecklistViewController.m; sourceTree = "<group>"; };
		C04429E4179ABC5D0022B0DE /* NSToDosViewController.h */ = {isa = PBXFileReference; fileEncoding = 4; lastKnownFileType = sourcecode.c.h; path = NSToDosViewController.h; sourceTree = "<group>"; };
		C04429E5179ABC5D0022B0DE /* NSToDosViewController.m */ = {isa = PBXFileReference; fileEncoding = 4; lastKnownFileType = sourcecode.c.objc; path = NSToDosViewController.m; sourceTree = "<group>"; };
		C04429EA179ABC9B0022B0DE /* NSToDoDetailsViewController.h */ = {isa = PBXFileReference; fileEncoding = 4; lastKnownFileType = sourcecode.c.h; path = NSToDoDetailsViewController.h; sourceTree = "<group>"; };
		C04429EB179ABC9B0022B0DE /* NSToDoDetailsViewController.m */ = {isa = PBXFileReference; fileEncoding = 4; lastKnownFileType = sourcecode.c.objc; path = NSToDoDetailsViewController.m; sourceTree = "<group>"; };
		C090EA411796D9F000771382 /* NSContactDetailViewController.h */ = {isa = PBXFileReference; fileEncoding = 4; lastKnownFileType = sourcecode.c.h; path = NSContactDetailViewController.h; sourceTree = "<group>"; };
		C090EA421796D9F000771382 /* NSContactDetailViewController.m */ = {isa = PBXFileReference; fileEncoding = 4; lastKnownFileType = sourcecode.c.objc; path = NSContactDetailViewController.m; sourceTree = "<group>"; };
		C090EAB31797D13D00771382 /* ExpandableTableView.h */ = {isa = PBXFileReference; fileEncoding = 4; lastKnownFileType = sourcecode.c.h; path = ExpandableTableView.h; sourceTree = "<group>"; };
		C090EAB41797D13D00771382 /* ExpandableTableView.m */ = {isa = PBXFileReference; fileEncoding = 4; lastKnownFileType = sourcecode.c.objc; path = ExpandableTableView.m; sourceTree = "<group>"; };
		C090EAB61797D1A400771382 /* ExpandableTableViewController.h */ = {isa = PBXFileReference; fileEncoding = 4; lastKnownFileType = sourcecode.c.h; path = ExpandableTableViewController.h; sourceTree = "<group>"; };
		C090EAB71797D1A400771382 /* ExpandableTableViewController.m */ = {isa = PBXFileReference; fileEncoding = 4; lastKnownFileType = sourcecode.c.objc; path = ExpandableTableViewController.m; sourceTree = "<group>"; };
		C090EAB91797D1FD00771382 /* ExpandableTableViewDelegate.h */ = {isa = PBXFileReference; fileEncoding = 4; lastKnownFileType = sourcecode.c.h; path = ExpandableTableViewDelegate.h; sourceTree = "<group>"; };
		C090EABC1797D27700771382 /* ExpandableTableViewDataSource.h */ = {isa = PBXFileReference; fileEncoding = 4; lastKnownFileType = sourcecode.c.h; path = ExpandableTableViewDataSource.h; sourceTree = "<group>"; };
		C090EABF17984D7D00771382 /* NSUEBViewController.h */ = {isa = PBXFileReference; fileEncoding = 4; lastKnownFileType = sourcecode.c.h; path = NSUEBViewController.h; sourceTree = "<group>"; };
		C090EAC017984D7D00771382 /* NSUEBViewController.m */ = {isa = PBXFileReference; fileEncoding = 4; lastKnownFileType = sourcecode.c.objc; path = NSUEBViewController.m; sourceTree = "<group>"; };
		C090EAC217984D9700771382 /* NSUEBDetailViewController.h */ = {isa = PBXFileReference; fileEncoding = 4; lastKnownFileType = sourcecode.c.h; path = NSUEBDetailViewController.h; sourceTree = "<group>"; };
		C090EAC317984D9700771382 /* NSUEBDetailViewController.m */ = {isa = PBXFileReference; fileEncoding = 4; lastKnownFileType = sourcecode.c.objc; path = NSUEBDetailViewController.m; sourceTree = "<group>"; };
		C090EAC517986ED400771382 /* Mr Andrew Dodman.txt */ = {isa = PBXFileReference; fileEncoding = 4; lastKnownFileType = text; path = "Mr Andrew Dodman.txt"; sourceTree = "<group>"; };
		C090EAC717986EE300771382 /* Professor Jacqueline Labbe.txt */ = {isa = PBXFileReference; fileEncoding = 4; lastKnownFileType = text; path = "Professor Jacqueline Labbe.txt"; sourceTree = "<group>"; };
		C090EAC817986EE400771382 /* Professor Tony Weetman.txt */ = {isa = PBXFileReference; fileEncoding = 4; lastKnownFileType = text; path = "Professor Tony Weetman.txt"; sourceTree = "<group>"; };
		C090EAC917986EE400771382 /* Professor Mike Hounslow.txt */ = {isa = PBXFileReference; fileEncoding = 4; lastKnownFileType = text; path = "Professor Mike Hounslow.txt"; sourceTree = "<group>"; };
		C090EACA17986EE400771382 /* Professor Tony Ryan.txt */ = {isa = PBXFileReference; fileEncoding = 4; lastKnownFileType = text; path = "Professor Tony Ryan.txt"; sourceTree = "<group>"; };
		C090EACB17986EE400771382 /* Professor Gill Valentine.txt */ = {isa = PBXFileReference; fileEncoding = 4; lastKnownFileType = text; path = "Professor Gill Valentine.txt"; sourceTree = "<group>"; };
		C090EACC17986EE400771382 /* Dr Philip Harvey.txt */ = {isa = PBXFileReference; fileEncoding = 4; lastKnownFileType = text; path = "Dr Philip Harvey.txt"; sourceTree = "<group>"; };
		C090EACD17986EE400771382 /* Mr Robert Rabone.txt */ = {isa = PBXFileReference; fileEncoding = 4; lastKnownFileType = text; path = "Mr Robert Rabone.txt"; sourceTree = "<group>"; };
		C090EAD517986EEF00771382 /* Professor Paul White.txt */ = {isa = PBXFileReference; fileEncoding = 4; lastKnownFileType = text; path = "Professor Paul White.txt"; sourceTree = "<group>"; };
		C090EAD617986EEF00771382 /* Professor Rebecca Hughes.txt */ = {isa = PBXFileReference; fileEncoding = 4; lastKnownFileType = text; path = "Professor Rebecca Hughes.txt"; sourceTree = "<group>"; };
		C090EAD717986EEF00771382 /* Professor Richard Jones.txt */ = {isa = PBXFileReference; fileEncoding = 4; lastKnownFileType = text; path = "Professor Richard Jones.txt"; sourceTree = "<group>"; };
		C0B86790178D8628006E198F /* New@Shef.app */ = {isa = PBXFileReference; explicitFileType = wrapper.application; includeInIndex = 0; path = "New@Shef.app"; sourceTree = BUILT_PRODUCTS_DIR; };
		C0B86793178D8628006E198F /* UIKit.framework */ = {isa = PBXFileReference; lastKnownFileType = wrapper.framework; name = UIKit.framework; path = System/Library/Frameworks/UIKit.framework; sourceTree = SDKROOT; };
		C0B86795178D8628006E198F /* Foundation.framework */ = {isa = PBXFileReference; lastKnownFileType = wrapper.framework; name = Foundation.framework; path = System/Library/Frameworks/Foundation.framework; sourceTree = SDKROOT; };
		C0B86797178D8628006E198F /* CoreGraphics.framework */ = {isa = PBXFileReference; lastKnownFileType = wrapper.framework; name = CoreGraphics.framework; path = System/Library/Frameworks/CoreGraphics.framework; sourceTree = SDKROOT; };
		C0B8679B178D8628006E198F /* New@Shef-Info.plist */ = {isa = PBXFileReference; lastKnownFileType = text.plist.xml; path = "New@Shef-Info.plist"; sourceTree = "<group>"; };
		C0B8679D178D8628006E198F /* en */ = {isa = PBXFileReference; lastKnownFileType = text.plist.strings; name = en; path = en.lproj/InfoPlist.strings; sourceTree = "<group>"; };
		C0B8679F178D8628006E198F /* main.m */ = {isa = PBXFileReference; lastKnownFileType = sourcecode.c.objc; path = main.m; sourceTree = "<group>"; };
		C0B867A1178D8628006E198F /* New@Shef-Prefix.pch */ = {isa = PBXFileReference; lastKnownFileType = sourcecode.c.h; path = "New@Shef-Prefix.pch"; sourceTree = "<group>"; };
		C0B867A2178D8628006E198F /* NSAppDelegate.h */ = {isa = PBXFileReference; lastKnownFileType = sourcecode.c.h; path = NSAppDelegate.h; sourceTree = "<group>"; };
		C0B867A3178D8628006E198F /* NSAppDelegate.m */ = {isa = PBXFileReference; lastKnownFileType = sourcecode.c.objc; path = NSAppDelegate.m; sourceTree = "<group>"; };
		C0B867A5178D8628006E198F /* Default.png */ = {isa = PBXFileReference; lastKnownFileType = image.png; path = Default.png; sourceTree = "<group>"; };
		C0B867A7178D8628006E198F /* Default@2x.png */ = {isa = PBXFileReference; lastKnownFileType = image.png; path = "Default@2x.png"; sourceTree = "<group>"; };
		C0B867A9178D8628006E198F /* Default-568h@2x.png */ = {isa = PBXFileReference; lastKnownFileType = image.png; path = "Default-568h@2x.png"; sourceTree = "<group>"; };
		C0B867AC178D8628006E198F /* en */ = {isa = PBXFileReference; lastKnownFileType = file.storyboard; name = en; path = en.lproj/MainStoryboard_iPhone.storyboard; sourceTree = "<group>"; };
		C0B867AF178D8628006E198F /* en */ = {isa = PBXFileReference; lastKnownFileType = file.storyboard; name = en; path = en.lproj/MainStoryboard_iPad.storyboard; sourceTree = "<group>"; };
		C0B867B9178D86A2006E198F /* NSWelcomeViewController.h */ = {isa = PBXFileReference; fileEncoding = 4; lastKnownFileType = sourcecode.c.h; path = NSWelcomeViewController.h; sourceTree = "<group>"; };
		C0B867BA178D86A2006E198F /* NSWelcomeViewController.m */ = {isa = PBXFileReference; fileEncoding = 4; lastKnownFileType = sourcecode.c.objc; path = NSWelcomeViewController.m; sourceTree = "<group>"; };
		C0B867C3178D961C006E198F /* NSNewsViewController.h */ = {isa = PBXFileReference; fileEncoding = 4; lastKnownFileType = sourcecode.c.h; path = NSNewsViewController.h; sourceTree = "<group>"; };
		C0B867C4178D961C006E198F /* NSNewsViewController.m */ = {isa = PBXFileReference; fileEncoding = 4; lastKnownFileType = sourcecode.c.objc; path = NSNewsViewController.m; sourceTree = "<group>"; };
		C0B867C9178D96DA006E198F /* NSNewsContentViewController.h */ = {isa = PBXFileReference; fileEncoding = 4; lastKnownFileType = sourcecode.c.h; path = NSNewsContentViewController.h; sourceTree = "<group>"; };
		C0B867CA178D96DA006E198F /* NSNewsContentViewController.m */ = {isa = PBXFileReference; fileEncoding = 4; lastKnownFileType = sourcecode.c.objc; path = NSNewsContentViewController.m; sourceTree = "<group>"; };
		C0B867D5178DBBD4006E198F /* NSFAQsViewController.h */ = {isa = PBXFileReference; fileEncoding = 4; lastKnownFileType = sourcecode.c.h; path = NSFAQsViewController.h; sourceTree = "<group>"; };
		C0B867D6178DBBD4006E198F /* NSFAQsViewController.m */ = {isa = PBXFileReference; fileEncoding = 4; lastKnownFileType = sourcecode.c.objc; path = NSFAQsViewController.m; sourceTree = "<group>"; };
		C0B867D8178DBCF6006E198F /* MessageUI.framework */ = {isa = PBXFileReference; lastKnownFileType = wrapper.framework; name = MessageUI.framework; path = System/Library/Frameworks/MessageUI.framework; sourceTree = SDKROOT; };
		C0B867DB178DCCB5006E198F /* NSUCardViewController.h */ = {isa = PBXFileReference; fileEncoding = 4; lastKnownFileType = sourcecode.c.h; path = NSUCardViewController.h; sourceTree = "<group>"; };
		C0B867DC178DCCB5006E198F /* NSUCardViewController.m */ = {isa = PBXFileReference; fileEncoding = 4; lastKnownFileType = sourcecode.c.objc; path = NSUCardViewController.m; sourceTree = "<group>"; };
		C0B867EF178EA29F006E198F /* pContactsList.plist */ = {isa = PBXFileReference; fileEncoding = 4; lastKnownFileType = text.plist.xml; path = pContactsList.plist; sourceTree = "<group>"; };
		C0B86820178F223D006E198F /* NSFacebookViewController.h */ = {isa = PBXFileReference; fileEncoding = 4; lastKnownFileType = sourcecode.c.h; path = NSFacebookViewController.h; sourceTree = "<group>"; };
		C0B86821178F223D006E198F /* NSFacebookViewController.m */ = {isa = PBXFileReference; fileEncoding = 4; lastKnownFileType = sourcecode.c.objc; path = NSFacebookViewController.m; sourceTree = "<group>"; };
		C0B86823178F224D006E198F /* NSTwitterViewController.h */ = {isa = PBXFileReference; fileEncoding = 4; lastKnownFileType = sourcecode.c.h; path = NSTwitterViewController.h; sourceTree = "<group>"; };
		C0B86824178F224D006E198F /* NSTwitterViewController.m */ = {isa = PBXFileReference; fileEncoding = 4; lastKnownFileType = sourcecode.c.objc; path = NSTwitterViewController.m; sourceTree = "<group>"; };
		C0B86826178F225C006E198F /* NSYoutubeViewController.h */ = {isa = PBXFileReference; fileEncoding = 4; lastKnownFileType = sourcecode.c.h; path = NSYoutubeViewController.h; sourceTree = "<group>"; };
		C0B86827178F225C006E198F /* NSYoutubeViewController.m */ = {isa = PBXFileReference; fileEncoding = 4; lastKnownFileType = sourcecode.c.objc; path = NSYoutubeViewController.m; sourceTree = "<group>"; };
		C0C69C1417917961006514F0 /* pUEBDetails.plist */ = {isa = PBXFileReference; fileEncoding = 4; lastKnownFileType = text.plist.xml; path = pUEBDetails.plist; sourceTree = "<group>"; };
/* End PBXFileReference section */

/* Begin PBXFrameworksBuildPhase section */
		C0B8678D178D8628006E198F /* Frameworks */ = {
			isa = PBXFrameworksBuildPhase;
			buildActionMask = 2147483647;
			files = (
				C0B867D9178DBCF6006E198F /* MessageUI.framework in Frameworks */,
				C0B86794178D8628006E198F /* UIKit.framework in Frameworks */,
				C0B86796178D8628006E198F /* Foundation.framework in Frameworks */,
				C0B86798178D8628006E198F /* CoreGraphics.framework in Frameworks */,
			);
			runOnlyForDeploymentPostprocessing = 0;
		};
/* End PBXFrameworksBuildPhase section */

/* Begin PBXGroup section */
		C04429DD179AAEFA0022B0DE /* CheckLists */ = {
			isa = PBXGroup;
			children = (
				C04429DE179AAF320022B0DE /* pNew_Starter_Checklist.plist */,
			);
			name = CheckLists;
			sourceTree = "<group>";
		};
		C04429E0179ABC190022B0DE /* Checklist */ = {
			isa = PBXGroup;
			children = (
				C04429E1179ABC460022B0DE /* NSChecklistViewController.h */,
				C04429E2179ABC460022B0DE /* NSChecklistViewController.m */,
				C04429E4179ABC5D0022B0DE /* NSToDosViewController.h */,
				C04429E5179ABC5D0022B0DE /* NSToDosViewController.m */,
				C04429EA179ABC9B0022B0DE /* NSToDoDetailsViewController.h */,
				C04429EB179ABC9B0022B0DE /* NSToDoDetailsViewController.m */,
			);
			name = Checklist;
			sourceTree = "<group>";
		};
		C090EAAE1797D05900771382 /* Custom */ = {
			isa = PBXGroup;
			children = (
				C090EAAF1797D06700771382 /* Table */,
			);
			name = Custom;
			sourceTree = "<group>";
		};
		C090EAAF1797D06700771382 /* Table */ = {
			isa = PBXGroup;
			children = (
				C090EAB31797D13D00771382 /* ExpandableTableView.h */,
				C090EAB41797D13D00771382 /* ExpandableTableView.m */,
				C090EAB61797D1A400771382 /* ExpandableTableViewController.h */,
				C090EAB71797D1A400771382 /* ExpandableTableViewController.m */,
				C090EAB91797D1FD00771382 /* ExpandableTableViewDelegate.h */,
				C090EABC1797D27700771382 /* ExpandableTableViewDataSource.h */,
			);
			name = Table;
			sourceTree = "<group>";
		};
		C0B86787178D8628006E198F = {
			isa = PBXGroup;
			children = (
				C0B86799178D8628006E198F /* New@Shef */,
				C0B86792178D8628006E198F /* Frameworks */,
				C0B86791178D8628006E198F /* Products */,
			);
			sourceTree = "<group>";
		};
		C0B86791178D8628006E198F /* Products */ = {
			isa = PBXGroup;
			children = (
				C0B86790178D8628006E198F /* New@Shef.app */,
			);
			name = Products;
			sourceTree = "<group>";
		};
		C0B86792178D8628006E198F /* Frameworks */ = {
			isa = PBXGroup;
			children = (
				C0B867D8178DBCF6006E198F /* MessageUI.framework */,
				C0B86793178D8628006E198F /* UIKit.framework */,
				C0B86795178D8628006E198F /* Foundation.framework */,
				C0B86797178D8628006E198F /* CoreGraphics.framework */,
			);
			name = Frameworks;
			sourceTree = "<group>";
		};
		C0B86799178D8628006E198F /* New@Shef */ = {
			isa = PBXGroup;
			children = (
				C0B867BC178D86AA006E198F /* Controllers */,
				C0B867A2178D8628006E198F /* NSAppDelegate.h */,
				C0B867A3178D8628006E198F /* NSAppDelegate.m */,
				C0B867AB178D8628006E198F /* MainStoryboard_iPhone.storyboard */,
				C0B867AE178D8628006E198F /* MainStoryboard_iPad.storyboard */,
				C0B8679A178D8628006E198F /* Supporting Files */,
			);
			path = "New@Shef";
			sourceTree = "<group>";
		};
		C0B8679A178D8628006E198F /* Supporting Files */ = {
			isa = PBXGroup;
			children = (
				C04429DD179AAEFA0022B0DE /* CheckLists */,
				C0B867E2178DE5A9006E198F /* Useful Link Details */,
				C0B867E1178DE599006E198F /* Welcome Talk Details */,
				C0B867E0178DE589006E198F /* UEB Details */,
				C0B867DF178DE578006E198F /* Contact Details */,
				C0B8679B178D8628006E198F /* New@Shef-Info.plist */,
				C0B8679C178D8628006E198F /* InfoPlist.strings */,
				C0B8679F178D8628006E198F /* main.m */,
				C0B867A1178D8628006E198F /* New@Shef-Prefix.pch */,
				C0B867A5178D8628006E198F /* Default.png */,
				C0B867A7178D8628006E198F /* Default@2x.png */,
				C0B867A9178D8628006E198F /* Default-568h@2x.png */,
			);
			name = "Supporting Files";
			sourceTree = "<group>";
		};
		C0B867BC178D86AA006E198F /* Controllers */ = {
			isa = PBXGroup;
			children = (
				C090EAAE1797D05900771382 /* Custom */,
				C04429E0179ABC190022B0DE /* Checklist */,
				C0B86829178F3277006E198F /* UEB */,
				C0B867DE178DE2FE006E198F /* Contacts */,
				C0B867DA178DC612006E198F /* UCard */,
				C0B867D4178DBB44006E198F /* FAQs */,
				C0B867CC178D9E9B006E198F /* Social */,
				C0B867C2178D95E6006E198F /* News */,
				C0B867BE178D87F4006E198F /* Home */,
				C0B867BD178D86B6006E198F /* Welcome View Controller */,
			);
			name = Controllers;
			sourceTree = "<group>";
		};
		C0B867BD178D86B6006E198F /* Welcome View Controller */ = {
			isa = PBXGroup;
			children = (
				C0B867BA178D86A2006E198F /* NSWelcomeViewController.m */,
				C0B867B9178D86A2006E198F /* NSWelcomeViewController.h */,
			);
			name = "Welcome View Controller";
			sourceTree = "<group>";
		};
		C0B867BE178D87F4006E198F /* Home */ = {
			isa = PBXGroup;
			children = (
			);
			name = Home;
			sourceTree = "<group>";
		};
		C0B867C2178D95E6006E198F /* News */ = {
			isa = PBXGroup;
			children = (
				C0B867C3178D961C006E198F /* NSNewsViewController.h */,
				C0B867C4178D961C006E198F /* NSNewsViewController.m */,
				C0B867C9178D96DA006E198F /* NSNewsContentViewController.h */,
				C0B867CA178D96DA006E198F /* NSNewsContentViewController.m */,
			);
			name = News;
			sourceTree = "<group>";
		};
		C0B867CC178D9E9B006E198F /* Social */ = {
			isa = PBXGroup;
			children = (
				C0B86820178F223D006E198F /* NSFacebookViewController.h */,
				C0B86821178F223D006E198F /* NSFacebookViewController.m */,
				C0B86823178F224D006E198F /* NSTwitterViewController.h */,
				C0B86824178F224D006E198F /* NSTwitterViewController.m */,
				C0B86826178F225C006E198F /* NSYoutubeViewController.h */,
				C0B86827178F225C006E198F /* NSYoutubeViewController.m */,
			);
			name = Social;
			sourceTree = "<group>";
		};
		C0B867D4178DBB44006E198F /* FAQs */ = {
			isa = PBXGroup;
			children = (
				C0B867D5178DBBD4006E198F /* NSFAQsViewController.h */,
				C0B867D6178DBBD4006E198F /* NSFAQsViewController.m */,
			);
			name = FAQs;
			sourceTree = "<group>";
		};
		C0B867DA178DC612006E198F /* UCard */ = {
			isa = PBXGroup;
			children = (
				C0B867DB178DCCB5006E198F /* NSUCardViewController.h */,
				C0B867DC178DCCB5006E198F /* NSUCardViewController.m */,
			);
			name = UCard;
			sourceTree = "<group>";
		};
		C0B867DE178DE2FE006E198F /* Contacts */ = {
			isa = PBXGroup;
			children = (
				C00832571791B2F500A5EFE2 /* NSContactsViewController.h */,
				C00832581791B2F500A5EFE2 /* NSContactsViewController.m */,
				C090EA411796D9F000771382 /* NSContactDetailViewController.h */,
				C090EA421796D9F000771382 /* NSContactDetailViewController.m */,
			);
			name = Contacts;
			sourceTree = "<group>";
		};
		C0B867DF178DE578006E198F /* Contact Details */ = {
			isa = PBXGroup;
			children = (
				C0B867EF178EA29F006E198F /* pContactsList.plist */,
			);
			name = "Contact Details";
			sourceTree = "<group>";
		};
		C0B867E0178DE589006E198F /* UEB Details */ = {
			isa = PBXGroup;
			children = (
				C090EAD517986EEF00771382 /* Professor Paul White.txt */,
				C090EAD617986EEF00771382 /* Professor Rebecca Hughes.txt */,
				C090EAD717986EEF00771382 /* Professor Richard Jones.txt */,
				C090EAC717986EE300771382 /* Professor Jacqueline Labbe.txt */,
				C090EAC817986EE400771382 /* Professor Tony Weetman.txt */,
				C090EAC917986EE400771382 /* Professor Mike Hounslow.txt */,
				C090EACA17986EE400771382 /* Professor Tony Ryan.txt */,
				C090EACB17986EE400771382 /* Professor Gill Valentine.txt */,
				C090EACC17986EE400771382 /* Dr Philip Harvey.txt */,
				C090EACD17986EE400771382 /* Mr Robert Rabone.txt */,
				C090EAC517986ED400771382 /* Mr Andrew Dodman.txt */,
				C0C69C1417917961006514F0 /* pUEBDetails.plist */,
			);
			name = "UEB Details";
			sourceTree = "<group>";
		};
		C0B867E1178DE599006E198F /* Welcome Talk Details */ = {
			isa = PBXGroup;
			children = (
			);
			name = "Welcome Talk Details";
			sourceTree = "<group>";
		};
		C0B867E2178DE5A9006E198F /* Useful Link Details */ = {
			isa = PBXGroup;
			children = (
			);
			name = "Useful Link Details";
			sourceTree = "<group>";
		};
		C0B86829178F3277006E198F /* UEB */ = {
			isa = PBXGroup;
			children = (
				C090EABF17984D7D00771382 /* NSUEBViewController.h */,
				C090EAC017984D7D00771382 /* NSUEBViewController.m */,
				C090EAC217984D9700771382 /* NSUEBDetailViewController.h */,
				C090EAC317984D9700771382 /* NSUEBDetailViewController.m */,
			);
			name = UEB;
			sourceTree = "<group>";
		};
/* End PBXGroup section */

/* Begin PBXNativeTarget section */
		C0B8678F178D8628006E198F /* New@Shef */ = {
			isa = PBXNativeTarget;
			buildConfigurationList = C0B867B6178D8628006E198F /* Build configuration list for PBXNativeTarget "New@Shef" */;
			buildPhases = (
				C0B8678C178D8628006E198F /* Sources */,
				C0B8678D178D8628006E198F /* Frameworks */,
				C0B8678E178D8628006E198F /* Resources */,
			);
			buildRules = (
			);
			dependencies = (
			);
			name = "New@Shef";
			productName = "New@Shef";
			productReference = C0B86790178D8628006E198F /* New@Shef.app */;
			productType = "com.apple.product-type.application";
		};
/* End PBXNativeTarget section */

/* Begin PBXProject section */
		C0B86788178D8628006E198F /* Project object */ = {
			isa = PBXProject;
			attributes = {
				CLASSPREFIX = NS;
				LastUpgradeCheck = 0460;
				ORGANIZATIONNAME = "Wanchun Zhang";
			};
			buildConfigurationList = C0B8678B178D8628006E198F /* Build configuration list for PBXProject "New@Shef" */;
			compatibilityVersion = "Xcode 3.2";
			developmentRegion = English;
			hasScannedForEncodings = 0;
			knownRegions = (
				en,
			);
			mainGroup = C0B86787178D8628006E198F;
			productRefGroup = C0B86791178D8628006E198F /* Products */;
			projectDirPath = "";
			projectRoot = "";
			targets = (
				C0B8678F178D8628006E198F /* New@Shef */,
			);
		};
/* End PBXProject section */

/* Begin PBXResourcesBuildPhase section */
		C0B8678E178D8628006E198F /* Resources */ = {
			isa = PBXResourcesBuildPhase;
			buildActionMask = 2147483647;
			files = (
				C0B8679E178D8628006E198F /* InfoPlist.strings in Resources */,
				C0B867A6178D8628006E198F /* Default.png in Resources */,
				C0B867A8178D8628006E198F /* Default@2x.png in Resources */,
				C0B867AA178D8628006E198F /* Default-568h@2x.png in Resources */,
				C0B867AD178D8628006E198F /* MainStoryboard_iPhone.storyboard in Resources */,
				C0B867B0178D8628006E198F /* MainStoryboard_iPad.storyboard in Resources */,
				C0B867F0178EA29F006E198F /* pContactsList.plist in Resources */,
				C0C69C1517917961006514F0 /* pUEBDetails.plist in Resources */,
				C090EAC617986ED400771382 /* Mr Andrew Dodman.txt in Resources */,
				C090EACE17986EE400771382 /* Professor Jacqueline Labbe.txt in Resources */,
				C090EACF17986EE400771382 /* Professor Tony Weetman.txt in Resources */,
				C090EAD017986EE400771382 /* Professor Mike Hounslow.txt in Resources */,
				C090EAD117986EE400771382 /* Professor Tony Ryan.txt in Resources */,
				C090EAD217986EE400771382 /* Professor Gill Valentine.txt in Resources */,
				C090EAD317986EE400771382 /* Dr Philip Harvey.txt in Resources */,
				C090EAD417986EE400771382 /* Mr Robert Rabone.txt in Resources */,
				C090EAD817986EEF00771382 /* Professor Paul White.txt in Resources */,
				C090EAD917986EEF00771382 /* Professor Rebecca Hughes.txt in Resources */,
				C090EADA17986EEF00771382 /* Professor Richard Jones.txt in Resources */,
				C04429DF179AAF320022B0DE /* pNew_Starter_Checklist.plist in Resources */,
			);
			runOnlyForDeploymentPostprocessing = 0;
		};
/* End PBXResourcesBuildPhase section */

/* Begin PBXSourcesBuildPhase section */
		C0B8678C178D8628006E198F /* Sources */ = {
			isa = PBXSourcesBuildPhase;
			buildActionMask = 2147483647;
			files = (
				C0B867A0178D8628006E198F /* main.m in Sources */,
				C0B867A4178D8628006E198F /* NSAppDelegate.m in Sources */,
				C0B867BB178D86A2006E198F /* NSWelcomeViewController.m in Sources */,
				C0B867C5178D961C006E198F /* NSNewsViewController.m in Sources */,
				C0B867CB178D96DA006E198F /* NSNewsContentViewController.m in Sources */,
				C0B867D7178DBBD4006E198F /* NSFAQsViewController.m in Sources */,
				C0B867DD178DCCB5006E198F /* NSUCardViewController.m in Sources */,
				C0B86822178F223D006E198F /* NSFacebookViewController.m in Sources */,
				C0B86825178F224D006E198F /* NSTwitterViewController.m in Sources */,
				C0B86828178F225C006E198F /* NSYoutubeViewController.m in Sources */,
				C00832591791B2F500A5EFE2 /* NSContactsViewController.m in Sources */,
				C090EA431796D9F000771382 /* NSContactDetailViewController.m in Sources */,
				C090EAB51797D13D00771382 /* ExpandableTableView.m in Sources */,
				C090EAB81797D1A400771382 /* ExpandableTableViewController.m in Sources */,
				C090EAC117984D7D00771382 /* NSUEBViewController.m in Sources */,
				C090EAC417984D9700771382 /* NSUEBDetailViewController.m in Sources */,
				C04429E3179ABC460022B0DE /* NSChecklistViewController.m in Sources */,
				C04429E6179ABC5D0022B0DE /* NSToDosViewController.m in Sources */,
				C04429EC179ABC9B0022B0DE /* NSToDoDetailsViewController.m in Sources */,
			);
			runOnlyForDeploymentPostprocessing = 0;
		};
/* End PBXSourcesBuildPhase section */

/* Begin PBXVariantGroup section */
		C0B8679C178D8628006E198F /* InfoPlist.strings */ = {
			isa = PBXVariantGroup;
			children = (
				C0B8679D178D8628006E198F /* en */,
			);
			name = InfoPlist.strings;
			sourceTree = "<group>";
		};
		C0B867AB178D8628006E198F /* MainStoryboard_iPhone.storyboard */ = {
			isa = PBXVariantGroup;
			children = (
				C0B867AC178D8628006E198F /* en */,
			);
			name = MainStoryboard_iPhone.storyboard;
			sourceTree = "<group>";
		};
		C0B867AE178D8628006E198F /* MainStoryboard_iPad.storyboard */ = {
			isa = PBXVariantGroup;
			children = (
				C0B867AF178D8628006E198F /* en */,
			);
			name = MainStoryboard_iPad.storyboard;
			sourceTree = "<group>";
		};
/* End PBXVariantGroup section */

/* Begin XCBuildConfiguration section */
		C0B867B4178D8628006E198F /* Debug */ = {
			isa = XCBuildConfiguration;
			buildSettings = {
				ALWAYS_SEARCH_USER_PATHS = NO;
				CLANG_CXX_LANGUAGE_STANDARD = "gnu++0x";
				CLANG_CXX_LIBRARY = "libc++";
				CLANG_ENABLE_OBJC_ARC = YES;
				CLANG_WARN_CONSTANT_CONVERSION = YES;
				CLANG_WARN_EMPTY_BODY = YES;
				CLANG_WARN_ENUM_CONVERSION = YES;
				CLANG_WARN_INT_CONVERSION = YES;
				CLANG_WARN__DUPLICATE_METHOD_MATCH = YES;
				"CODE_SIGN_IDENTITY[sdk=iphoneos*]" = "iPhone Developer";
				COPY_PHASE_STRIP = NO;
				GCC_C_LANGUAGE_STANDARD = gnu99;
				GCC_DYNAMIC_NO_PIC = NO;
				GCC_OPTIMIZATION_LEVEL = 0;
				GCC_PREPROCESSOR_DEFINITIONS = (
					"DEBUG=1",
					"$(inherited)",
				);
				GCC_SYMBOLS_PRIVATE_EXTERN = NO;
				GCC_WARN_ABOUT_RETURN_TYPE = YES;
				GCC_WARN_UNINITIALIZED_AUTOS = YES;
				GCC_WARN_UNUSED_VARIABLE = YES;
				IPHONEOS_DEPLOYMENT_TARGET = 6.1;
				ONLY_ACTIVE_ARCH = YES;
				SDKROOT = iphoneos;
				TARGETED_DEVICE_FAMILY = "1,2";
			};
			name = Debug;
		};
		C0B867B5178D8628006E198F /* Release */ = {
			isa = XCBuildConfiguration;
			buildSettings = {
				ALWAYS_SEARCH_USER_PATHS = NO;
				CLANG_CXX_LANGUAGE_STANDARD = "gnu++0x";
				CLANG_CXX_LIBRARY = "libc++";
				CLANG_ENABLE_OBJC_ARC = YES;
				CLANG_WARN_CONSTANT_CONVERSION = YES;
				CLANG_WARN_EMPTY_BODY = YES;
				CLANG_WARN_ENUM_CONVERSION = YES;
				CLANG_WARN_INT_CONVERSION = YES;
				CLANG_WARN__DUPLICATE_METHOD_MATCH = YES;
				"CODE_SIGN_IDENTITY[sdk=iphoneos*]" = "iPhone Developer";
				COPY_PHASE_STRIP = YES;
				GCC_C_LANGUAGE_STANDARD = gnu99;
				GCC_WARN_ABOUT_RETURN_TYPE = YES;
				GCC_WARN_UNINITIALIZED_AUTOS = YES;
				GCC_WARN_UNUSED_VARIABLE = YES;
				IPHONEOS_DEPLOYMENT_TARGET = 6.1;
				OTHER_CFLAGS = "-DNS_BLOCK_ASSERTIONS=1";
				SDKROOT = iphoneos;
				TARGETED_DEVICE_FAMILY = "1,2";
				VALIDATE_PRODUCT = YES;
			};
			name = Release;
		};
		C0B867B7178D8628006E198F /* Debug */ = {
			isa = XCBuildConfiguration;
			buildSettings = {
				GCC_PRECOMPILE_PREFIX_HEADER = YES;
				GCC_PREFIX_HEADER = "New@Shef/New@Shef-Prefix.pch";
				INFOPLIST_FILE = "New@Shef/New@Shef-Info.plist";
				PRODUCT_NAME = "$(TARGET_NAME)";
				WRAPPER_EXTENSION = app;
			};
			name = Debug;
		};
		C0B867B8178D8628006E198F /* Release */ = {
			isa = XCBuildConfiguration;
			buildSettings = {
				GCC_PRECOMPILE_PREFIX_HEADER = YES;
				GCC_PREFIX_HEADER = "New@Shef/New@Shef-Prefix.pch";
				INFOPLIST_FILE = "New@Shef/New@Shef-Info.plist";
				PRODUCT_NAME = "$(TARGET_NAME)";
				WRAPPER_EXTENSION = app;
			};
			name = Release;
		};
/* End XCBuildConfiguration section */

/* Begin XCConfigurationList section */
		C0B8678B178D8628006E198F /* Build configuration list for PBXProject "New@Shef" */ = {
			isa = XCConfigurationList;
			buildConfigurations = (
				C0B867B4178D8628006E198F /* Debug */,
				C0B867B5178D8628006E198F /* Release */,
			);
			defaultConfigurationIsVisible = 0;
			defaultConfigurationName = Release;
		};
		C0B867B6178D8628006E198F /* Build configuration list for PBXNativeTarget "New@Shef" */ = {
			isa = XCConfigurationList;
			buildConfigurations = (
				C0B867B7178D8628006E198F /* Debug */,
				C0B867B8178D8628006E198F /* Release */,
			);
			defaultConfigurationIsVisible = 0;
			defaultConfigurationName = Release;
		};
/* End XCConfigurationList section */
	};
	rootObject = C0B86788178D8628006E198F /* Project object */;
}
